
Microsoft Visual Studio Solution File, Format Version 12.00
# Visual Studio Version 16
VisualStudioVersion = 16.0.31410.357
MinimumVisualStudioVersion = 10.0.40219.1
Project("{FAE04EC0-301F-11D3-BF4B-00C04F79EFBC}") = "IWEngineFontCreator", "IWEngineFontCreator.csproj", "{A022C223-CEC6-46C7-BA12-864EDDF0C7A8}"
EndProject
Global
	GlobalSection(SolutionConfigurationPlatforms) = preSolution
		Debug|Any CPU = Debug|Any CPU
		Release|Any CPU = Release|Any CPU
	EndGlobalSection
	GlobalSection(ProjectConfigurationPlatforms) = postSolution
		{A022C223-CEC6-46C7-BA12-864EDDF0C7A8}.Debug|Any CPU.ActiveCfg = Debug|Any CPU
		{A022C223-CEC6-46C7-BA12-864EDDF0C7A8}.Debug|Any CPU.Build.0 = Debug|Any CPU
		{A022C223-CEC6-46C7-BA12-864EDDF0C7A8}.Release|Any CPU.ActiveCfg = Release|Any CPU
		{A022C223-CEC6-46C7-BA12-864EDDF0C7A8}.Release|Any CPU.Build.0 = Release|Any CPU
	EndGlobalSection
	GlobalSection(SolutionProperties) = preSolution
		HideSolutionNode = FALSE
	EndGlobalSection
	GlobalSection(ExtensibilityGlobals) = postSolution
		SolutionGuid = {83B38F7D-359B-46CD-AB93-B637D061F061}
	EndGlobalSection
EndGlobal
